
Microsoft Visual Studio Solution File, Format Version 12.00
# Visual Studio 15
VisualStudioVersion = 15.0.28010.2050
MinimumVisualStudioVersion = 10.0.40219.1
Project("{FAE04EC0-301F-11D3-BF4B-00C04F79EFBC}") = "TaskExecutor.Tests", "TaskExecutorTests\TaskExecutor.Tests.csproj", "{D5CF2FEA-3120-459F-96BF-2F84CABC964E}"
EndProject
Project("{FAE04EC0-301F-11D3-BF4B-00C04F79EFBC}") = "TaskExecutor", "TaskExecutor\TaskExecutor.csproj", "{AC4F575C-333A-4363-8D0D-7CA86FDE269D}"
EndProject
Global
	GlobalSection(SolutionConfigurationPlatforms) = preSolution
		Debug|Any CPU = Debug|Any CPU
		Debug|ARM = Debug|ARM
		Debug|x64 = Debug|x64
		Debug|x86 = Debug|x86
		Release|Any CPU = Release|Any CPU
		Release|ARM = Release|ARM
		Release|x64 = Release|x64
		Release|x86 = Release|x86
	EndGlobalSection
	GlobalSection(ProjectConfigurationPlatforms) = postSolution
		{D5CF2FEA-3120-459F-96BF-2F84CABC964E}.Debug|Any CPU.ActiveCfg = Debug|Any CPU
		{D5CF2FEA-3120-459F-96BF-2F84CABC964E}.Debug|Any CPU.Build.0 = Debug|Any CPU
		{D5CF2FEA-3120-459F-96BF-2F84CABC964E}.Debug|ARM.ActiveCfg = Debug|Any CPU
		{D5CF2FEA-3120-459F-96BF-2F84CABC964E}.Debug|ARM.Build.0 = Debug|Any CPU
		{D5CF2FEA-3120-459F-96BF-2F84CABC964E}.Debug|x64.ActiveCfg = Debug|Any CPU
		{D5CF2FEA-3120-459F-96BF-2F84CABC964E}.Debug|x64.Build.0 = Debug|Any CPU
		{D5CF2FEA-3120-459F-96BF-2F84CABC964E}.Debug|x86.ActiveCfg = Debug|Any CPU
		{D5CF2FEA-3120-459F-96BF-2F84CABC964E}.Debug|x86.Build.0 = Debug|Any CPU
		{D5CF2FEA-3120-459F-96BF-2F84CABC964E}.Release|Any CPU.ActiveCfg = Release|Any CPU
		{D5CF2FEA-3120-459F-96BF-2F84CABC964E}.Release|Any CPU.Build.0 = Release|Any CPU
		{D5CF2FEA-3120-459F-96BF-2F84CABC964E}.Release|ARM.ActiveCfg = Release|Any CPU
		{D5CF2FEA-3120-459F-96BF-2F84CABC964E}.Release|ARM.Build.0 = Release|Any CPU
		{D5CF2FEA-3120-459F-96BF-2F84CABC964E}.Release|x64.ActiveCfg = Release|Any CPU
		{D5CF2FEA-3120-459F-96BF-2F84CABC964E}.Release|x64.Build.0 = Release|Any CPU
		{D5CF2FEA-3120-459F-96BF-2F84CABC964E}.Release|x86.ActiveCfg = Release|Any CPU
		{D5CF2FEA-3120-459F-96BF-2F84CABC964E}.Release|x86.Build.0 = Release|Any CPU
		{AC4F575C-333A-4363-8D0D-7CA86FDE269D}.Debug|Any CPU.ActiveCfg = Debug|Any CPU
		{AC4F575C-333A-4363-8D0D-7CA86FDE269D}.Debug|Any CPU.Build.0 = Debug|Any CPU
		{AC4F575C-333A-4363-8D0D-7CA86FDE269D}.Debug|ARM.ActiveCfg = Debug|Any CPU
		{AC4F575C-333A-4363-8D0D-7CA86FDE269D}.Debug|ARM.Build.0 = Debug|Any CPU
		{AC4F575C-333A-4363-8D0D-7CA86FDE269D}.Debug|x64.ActiveCfg = Debug|Any CPU
		{AC4F575C-333A-4363-8D0D-7CA86FDE269D}.Debug|x64.Build.0 = Debug|Any CPU
		{AC4F575C-333A-4363-8D0D-7CA86FDE269D}.Debug|x86.ActiveCfg = Debug|Any CPU
		{AC4F575C-333A-4363-8D0D-7CA86FDE269D}.Debug|x86.Build.0 = Debug|Any CPU
		{AC4F575C-333A-4363-8D0D-7CA86FDE269D}.Release|Any CPU.ActiveCfg = Release|Any CPU
		{AC4F575C-333A-4363-8D0D-7CA86FDE269D}.Release|Any CPU.Build.0 = Release|Any CPU
		{AC4F575C-333A-4363-8D0D-7CA86FDE269D}.Release|ARM.ActiveCfg = Release|Any CPU
		{AC4F575C-333A-4363-8D0D-7CA86FDE269D}.Release|ARM.Build.0 = Release|Any CPU
		{AC4F575C-333A-4363-8D0D-7CA86FDE269D}.Release|x64.ActiveCfg = Release|Any CPU
		{AC4F575C-333A-4363-8D0D-7CA86FDE269D}.Release|x64.Build.0 = Release|Any CPU
		{AC4F575C-333A-4363-8D0D-7CA86FDE269D}.Release|x86.ActiveCfg = Release|Any CPU
		{AC4F575C-333A-4363-8D0D-7CA86FDE269D}.Release|x86.Build.0 = Release|Any CPU
	EndGlobalSection
	GlobalSection(SolutionProperties) = preSolution
		HideSolutionNode = FALSE
	EndGlobalSection
	GlobalSection(ExtensibilityGlobals) = postSolution
		SolutionGuid = {B552DAD8-0D6A-4F8F-80B3-18FB6D69B6F3}
	EndGlobalSection
EndGlobal
